
Microsoft Visual Studio Solution File, Format Version 12.00
# Visual Studio Version 17
VisualStudioVersion = 17.6.33815.320
MinimumVisualStudioVersion = 10.0.40219.1
Project("{FAE04EC0-301F-11D3-BF4B-00C04F79EFBC}") = "BulkyWeb", "BulkyWeb\BulkyWeb.csproj", "{3ED3F31F-06A8-4EC0-BA36-F18014DC5175}"
EndProject
Global
	GlobalSection(SolutionConfigurationPlatforms) = preSolution
		Debug|Any CPU = Debug|Any CPU
		Release|Any CPU = Release|Any CPU
	EndGlobalSection
	GlobalSection(ProjectConfigurationPlatforms) = postSolution
		{3ED3F31F-06A8-4EC0-BA36-F18014DC5175}.Debug|Any CPU.ActiveCfg = Debug|Any CPU
		{3ED3F31F-06A8-4EC0-BA36-F18014DC5175}.Debug|Any CPU.Build.0 = Debug|Any CPU
		{3ED3F31F-06A8-4EC0-BA36-F18014DC5175}.Release|Any CPU.ActiveCfg = Release|Any CPU
		{3ED3F31F-06A8-4EC0-BA36-F18014DC5175}.Release|Any CPU.Build.0 = Release|Any CPU
	EndGlobalSection
	GlobalSection(SolutionProperties) = preSolution
		HideSolutionNode = FALSE
	EndGlobalSection
	GlobalSection(ExtensibilityGlobals) = postSolution
		SolutionGuid = {84CA58AD-CF72-4182-A35A-9313B7E2E0FA}
	EndGlobalSection
EndGlobal
